{
  "nodes": {
    "nixpkgs": {
      "locked": {
        "lastModified": 1695316320,
        "narHash": "sha256-bZaRZ3elJXqhnW+go9vZ5wWsNxH0h+mZ5LbAuHcbixE=",
        "owner": "NixOS",
        "repo": "nixpkgs",
        "rev": "2c9683445afb802583a057f23aa01ecd45d27059",
        "type": "github"
      },
      "original": {
        "owner": "NixOS",
        "repo": "nixpkgs",
        "rev": "2c9683445afb802583a057f23aa01ecd45d27059",
        "type": "github"
      }
    },
    "root": {
      "inputs": {
        "nixpkgs": "nixpkgs"
      }
    }
  },
  "root": "root",
  "version": 7
}
